
Microsoft Visual Studio Solution File, Format Version 12.00
# Visual Studio Version 16
VisualStudioVersion = 16.0.30011.22
MinimumVisualStudioVersion = 10.0.40219.1
Project("{FAE04EC0-301F-11D3-BF4B-00C04F79EFBC}") = "Wendy3", "Wendy3\Wendy3.csproj", "{82444CD6-5061-4893-A9AD-B3A69893D803}"
EndProject
Project("{FAE04EC0-301F-11D3-BF4B-00C04F79EFBC}") = "Wendy3Tests", "Wendy3Tests\Wendy3Tests.csproj", "{8A0DD4C8-7E4A-4601-BBB3-89B8EF412955}"
EndProject
Global
	GlobalSection(SolutionConfigurationPlatforms) = preSolution
		Debug|Any CPU = Debug|Any CPU
		Release|Any CPU = Release|Any CPU
	EndGlobalSection
	GlobalSection(ProjectConfigurationPlatforms) = postSolution
		{82444CD6-5061-4893-A9AD-B3A69893D803}.Debug|Any CPU.ActiveCfg = Debug|Any CPU
		{82444CD6-5061-4893-A9AD-B3A69893D803}.Debug|Any CPU.Build.0 = Debug|Any CPU
		{82444CD6-5061-4893-A9AD-B3A69893D803}.Release|Any CPU.ActiveCfg = Release|Any CPU
		{82444CD6-5061-4893-A9AD-B3A69893D803}.Release|Any CPU.Build.0 = Release|Any CPU
		{8A0DD4C8-7E4A-4601-BBB3-89B8EF412955}.Debug|Any CPU.ActiveCfg = Debug|Any CPU
		{8A0DD4C8-7E4A-4601-BBB3-89B8EF412955}.Debug|Any CPU.Build.0 = Debug|Any CPU
		{8A0DD4C8-7E4A-4601-BBB3-89B8EF412955}.Release|Any CPU.ActiveCfg = Release|Any CPU
		{8A0DD4C8-7E4A-4601-BBB3-89B8EF412955}.Release|Any CPU.Build.0 = Release|Any CPU
	EndGlobalSection
	GlobalSection(SolutionProperties) = preSolution
		HideSolutionNode = FALSE
	EndGlobalSection
	GlobalSection(ExtensibilityGlobals) = postSolution
		SolutionGuid = {87925353-C111-4DFA-A5F0-18BF8EAF55D7}
	EndGlobalSection
EndGlobal
